
Microsoft Visual Studio Solution File, Format Version 11.00
# Visual Studio 2010
Project("{FAE04EC0-301F-11D3-BF4B-00C04F79EFBC}") = "SvcWhatsMyIPSpammer", "SvcIP\SvcWhatsMyIPSpammer.csproj", "{6261AE3E-4333-43D3-8206-B2078305C450}"
EndProject
Project("{FAE04EC0-301F-11D3-BF4B-00C04F79EFBC}") = "Common", "Common\Common.csproj", "{229923B7-0738-4A1C-BFEE-ACF7F95D46B3}"
EndProject
Project("{FAE04EC0-301F-11D3-BF4B-00C04F79EFBC}") = "BusinessLogicWhatsMyIp", "BusinessLogicWhatsMyIp\BusinessLogicWhatsMyIp.csproj", "{CC2C3EBA-EA97-4EB4-B6B2-CB419113D56A}"
EndProject
Project("{FAE04EC0-301F-11D3-BF4B-00C04F79EFBC}") = "TestWhatsMyIP", "TestWhatsMyIP\TestWhatsMyIP.csproj", "{A8F022E0-2658-40D6-B620-3EAE950043F6}"
EndProject
Project("{2150E333-8FDC-42A3-9474-1A3956D46DE8}") = "Solution Items", "Solution Items", "{EF1165D6-606A-414C-9C4A-CB54A6F101C2}"
	ProjectSection(SolutionItems) = preProject
		SvcIP\App.config = SvcIP\App.config
		Local.testsettings = Local.testsettings
		TraceAndTestImpact.testsettings = TraceAndTestImpact.testsettings
		WhatsMyIp.vsmdi = WhatsMyIp.vsmdi
	EndProjectSection
EndProject
Project("{54435603-DBB4-11D2-8724-00A0C9A8B90C}") = "SetupWhatsMyIp", "SetupWhatsMyIp\SetupWhatsMyIp.vdproj", "{C5D83949-8354-4FF5-87CA-BE94FBBA78A2}"
EndProject
Project("{FAE04EC0-301F-11D3-BF4B-00C04F79EFBC}") = "Spammer", "Spammer\Spammer.csproj", "{6B049BC0-FD4A-4D4C-9750-71ED9CA0F472}"
EndProject
Global
	GlobalSection(TestCaseManagementSettings) = postSolution
		CategoryFile = WhatsMyIp.vsmdi
	EndGlobalSection
	GlobalSection(SolutionConfigurationPlatforms) = preSolution
		Debug|Any CPU = Debug|Any CPU
		Debug|Mixed Platforms = Debug|Mixed Platforms
		Debug|x86 = Debug|x86
		Release|Any CPU = Release|Any CPU
		Release|Mixed Platforms = Release|Mixed Platforms
		Release|x86 = Release|x86
	EndGlobalSection
	GlobalSection(ProjectConfigurationPlatforms) = postSolution
		{6261AE3E-4333-43D3-8206-B2078305C450}.Debug|Any CPU.ActiveCfg = Debug|x86
		{6261AE3E-4333-43D3-8206-B2078305C450}.Debug|Mixed Platforms.ActiveCfg = Debug|x86
		{6261AE3E-4333-43D3-8206-B2078305C450}.Debug|Mixed Platforms.Build.0 = Debug|x86
		{6261AE3E-4333-43D3-8206-B2078305C450}.Debug|x86.ActiveCfg = Debug|x86
		{6261AE3E-4333-43D3-8206-B2078305C450}.Debug|x86.Build.0 = Debug|x86
		{6261AE3E-4333-43D3-8206-B2078305C450}.Release|Any CPU.ActiveCfg = Release|x86
		{6261AE3E-4333-43D3-8206-B2078305C450}.Release|Mixed Platforms.ActiveCfg = Release|x86
		{6261AE3E-4333-43D3-8206-B2078305C450}.Release|Mixed Platforms.Build.0 = Release|x86
		{6261AE3E-4333-43D3-8206-B2078305C450}.Release|x86.ActiveCfg = Release|x86
		{6261AE3E-4333-43D3-8206-B2078305C450}.Release|x86.Build.0 = Release|x86
		{229923B7-0738-4A1C-BFEE-ACF7F95D46B3}.Debug|Any CPU.ActiveCfg = Debug|x86
		{229923B7-0738-4A1C-BFEE-ACF7F95D46B3}.Debug|Mixed Platforms.ActiveCfg = Debug|x86
		{229923B7-0738-4A1C-BFEE-ACF7F95D46B3}.Debug|Mixed Platforms.Build.0 = Debug|x86
		{229923B7-0738-4A1C-BFEE-ACF7F95D46B3}.Debug|x86.ActiveCfg = Debug|x86
		{229923B7-0738-4A1C-BFEE-ACF7F95D46B3}.Debug|x86.Build.0 = Debug|x86
		{229923B7-0738-4A1C-BFEE-ACF7F95D46B3}.Release|Any CPU.ActiveCfg = Release|x86
		{229923B7-0738-4A1C-BFEE-ACF7F95D46B3}.Release|Mixed Platforms.ActiveCfg = Release|x86
		{229923B7-0738-4A1C-BFEE-ACF7F95D46B3}.Release|Mixed Platforms.Build.0 = Release|x86
		{229923B7-0738-4A1C-BFEE-ACF7F95D46B3}.Release|x86.ActiveCfg = Release|x86
		{229923B7-0738-4A1C-BFEE-ACF7F95D46B3}.Release|x86.Build.0 = Release|x86
		{CC2C3EBA-EA97-4EB4-B6B2-CB419113D56A}.Debug|Any CPU.ActiveCfg = Debug|Any CPU
		{CC2C3EBA-EA97-4EB4-B6B2-CB419113D56A}.Debug|Any CPU.Build.0 = Debug|Any CPU
		{CC2C3EBA-EA97-4EB4-B6B2-CB419113D56A}.Debug|Mixed Platforms.ActiveCfg = Debug|Any CPU
		{CC2C3EBA-EA97-4EB4-B6B2-CB419113D56A}.Debug|Mixed Platforms.Build.0 = Debug|Any CPU
		{CC2C3EBA-EA97-4EB4-B6B2-CB419113D56A}.Debug|x86.ActiveCfg = Debug|Any CPU
		{CC2C3EBA-EA97-4EB4-B6B2-CB419113D56A}.Release|Any CPU.ActiveCfg = Release|Any CPU
		{CC2C3EBA-EA97-4EB4-B6B2-CB419113D56A}.Release|Any CPU.Build.0 = Release|Any CPU
		{CC2C3EBA-EA97-4EB4-B6B2-CB419113D56A}.Release|Mixed Platforms.ActiveCfg = Release|Any CPU
		{CC2C3EBA-EA97-4EB4-B6B2-CB419113D56A}.Release|Mixed Platforms.Build.0 = Release|Any CPU
		{CC2C3EBA-EA97-4EB4-B6B2-CB419113D56A}.Release|x86.ActiveCfg = Release|Any CPU
		{A8F022E0-2658-40D6-B620-3EAE950043F6}.Debug|Any CPU.ActiveCfg = Debug|Any CPU
		{A8F022E0-2658-40D6-B620-3EAE950043F6}.Debug|Any CPU.Build.0 = Debug|Any CPU
		{A8F022E0-2658-40D6-B620-3EAE950043F6}.Debug|Mixed Platforms.ActiveCfg = Debug|Any CPU
		{A8F022E0-2658-40D6-B620-3EAE950043F6}.Debug|Mixed Platforms.Build.0 = Debug|Any CPU
		{A8F022E0-2658-40D6-B620-3EAE950043F6}.Debug|x86.ActiveCfg = Debug|Any CPU
		{A8F022E0-2658-40D6-B620-3EAE950043F6}.Release|Any CPU.ActiveCfg = Release|Any CPU
		{A8F022E0-2658-40D6-B620-3EAE950043F6}.Release|Any CPU.Build.0 = Release|Any CPU
		{A8F022E0-2658-40D6-B620-3EAE950043F6}.Release|Mixed Platforms.ActiveCfg = Release|Any CPU
		{A8F022E0-2658-40D6-B620-3EAE950043F6}.Release|Mixed Platforms.Build.0 = Release|Any CPU
		{A8F022E0-2658-40D6-B620-3EAE950043F6}.Release|x86.ActiveCfg = Release|Any CPU
		{C5D83949-8354-4FF5-87CA-BE94FBBA78A2}.Debug|Any CPU.ActiveCfg = Debug
		{C5D83949-8354-4FF5-87CA-BE94FBBA78A2}.Debug|Mixed Platforms.ActiveCfg = Debug
		{C5D83949-8354-4FF5-87CA-BE94FBBA78A2}.Debug|x86.ActiveCfg = Debug
		{C5D83949-8354-4FF5-87CA-BE94FBBA78A2}.Release|Any CPU.ActiveCfg = Release
		{C5D83949-8354-4FF5-87CA-BE94FBBA78A2}.Release|Mixed Platforms.ActiveCfg = Release
		{C5D83949-8354-4FF5-87CA-BE94FBBA78A2}.Release|x86.ActiveCfg = Release
		{6B049BC0-FD4A-4D4C-9750-71ED9CA0F472}.Debug|Any CPU.ActiveCfg = Debug|x86
		{6B049BC0-FD4A-4D4C-9750-71ED9CA0F472}.Debug|Mixed Platforms.ActiveCfg = Debug|x86
		{6B049BC0-FD4A-4D4C-9750-71ED9CA0F472}.Debug|Mixed Platforms.Build.0 = Debug|x86
		{6B049BC0-FD4A-4D4C-9750-71ED9CA0F472}.Debug|x86.ActiveCfg = Debug|x86
		{6B049BC0-FD4A-4D4C-9750-71ED9CA0F472}.Debug|x86.Build.0 = Debug|x86
		{6B049BC0-FD4A-4D4C-9750-71ED9CA0F472}.Release|Any CPU.ActiveCfg = Release|x86
		{6B049BC0-FD4A-4D4C-9750-71ED9CA0F472}.Release|Mixed Platforms.ActiveCfg = Release|x86
		{6B049BC0-FD4A-4D4C-9750-71ED9CA0F472}.Release|Mixed Platforms.Build.0 = Release|x86
		{6B049BC0-FD4A-4D4C-9750-71ED9CA0F472}.Release|x86.ActiveCfg = Release|x86
		{6B049BC0-FD4A-4D4C-9750-71ED9CA0F472}.Release|x86.Build.0 = Release|x86
	EndGlobalSection
	GlobalSection(SolutionProperties) = preSolution
		HideSolutionNode = FALSE
	EndGlobalSection
EndGlobal
